
Microsoft Visual Studio Solution File, Format Version 12.00
# Visual Studio Version 17
VisualStudioVersion = 17.1.32104.313
MinimumVisualStudioVersion = 10.0.40219.1
Project("{FAE04EC0-301F-11D3-BF4B-00C04F79EFBC}") = "launcher-server", "launcher-server\launcher-server.csproj", "{1F4D14EB-AF48-4B6C-A91B-B294D4281173}"
EndProject
Project("{FAE04EC0-301F-11D3-BF4B-00C04F79EFBC}") = "launcher-client-wpf", "launcher-client-wpf\launcher-client-wpf.csproj", "{A1F770F3-F6B1-4854-9BF0-093F85064B88}"
EndProject
Project("{2150E333-8FDC-42A3-9474-1A3956D46DE8}") = "Solution Files", "Solution Files", "{F567AA49-E96B-43BD-95B5-A71F9FCB64E1}"
	ProjectSection(SolutionItems) = preProject
		.gitignore = .gitignore
		README.md = README.md
	EndProjectSection
EndProject
Project("{FAE04EC0-301F-11D3-BF4B-00C04F79EFBC}") = "launcher-client-avalonia", "launcher-client-avalonia\launcher-client-avalonia.csproj", "{BC1FC2A0-159A-4F17-B076-B39775FB6AAC}"
EndProject
Global
	GlobalSection(SolutionConfigurationPlatforms) = preSolution
		Debug|Any CPU = Debug|Any CPU
		Release|Any CPU = Release|Any CPU
	EndGlobalSection
	GlobalSection(ProjectConfigurationPlatforms) = postSolution
		{1F4D14EB-AF48-4B6C-A91B-B294D4281173}.Debug|Any CPU.ActiveCfg = Debug|Any CPU
		{1F4D14EB-AF48-4B6C-A91B-B294D4281173}.Debug|Any CPU.Build.0 = Debug|Any CPU
		{1F4D14EB-AF48-4B6C-A91B-B294D4281173}.Release|Any CPU.ActiveCfg = Release|Any CPU
		{1F4D14EB-AF48-4B6C-A91B-B294D4281173}.Release|Any CPU.Build.0 = Release|Any CPU
		{A1F770F3-F6B1-4854-9BF0-093F85064B88}.Debug|Any CPU.ActiveCfg = Debug|Any CPU
		{A1F770F3-F6B1-4854-9BF0-093F85064B88}.Debug|Any CPU.Build.0 = Debug|Any CPU
		{A1F770F3-F6B1-4854-9BF0-093F85064B88}.Release|Any CPU.ActiveCfg = Release|Any CPU
		{A1F770F3-F6B1-4854-9BF0-093F85064B88}.Release|Any CPU.Build.0 = Release|Any CPU
		{BC1FC2A0-159A-4F17-B076-B39775FB6AAC}.Debug|Any CPU.ActiveCfg = Debug|Any CPU
		{BC1FC2A0-159A-4F17-B076-B39775FB6AAC}.Debug|Any CPU.Build.0 = Debug|Any CPU
		{BC1FC2A0-159A-4F17-B076-B39775FB6AAC}.Release|Any CPU.ActiveCfg = Release|Any CPU
		{BC1FC2A0-159A-4F17-B076-B39775FB6AAC}.Release|Any CPU.Build.0 = Release|Any CPU
	EndGlobalSection
	GlobalSection(SolutionProperties) = preSolution
		HideSolutionNode = FALSE
	EndGlobalSection
	GlobalSection(ExtensibilityGlobals) = postSolution
		SolutionGuid = {96D7F599-27F9-420C-835D-FAF63EE78D0E}
	EndGlobalSection
EndGlobal
