
Microsoft Visual Studio Solution File, Format Version 12.00
# Visual Studio Version 17
VisualStudioVersion = 17.1.32104.313
MinimumVisualStudioVersion = 10.0.40219.1
Project("{FAE04EC0-301F-11D3-BF4B-00C04F79EFBC}") = "launcher-client", "minecraft-launcher-client\launcher-client.csproj", "{49ADEFCE-DA46-4229-997C-3D43DD600627}"
EndProject
Project("{FAE04EC0-301F-11D3-BF4B-00C04F79EFBC}") = "launcher-server", "minecraft-launcher-server\launcher-server.csproj", "{1DC6892C-5DC8-4C1C-94C1-CE695BD2DBC2}"
EndProject
Project("{9A19103F-16F7-4668-BE54-9A1E7A4F7556}") = "DTLib", "..\..\DTLib\DTLib\DTLib.csproj", "{57CDC0EF-31C9-4859-90E5-AD0B302C5EAE}"
EndProject
Project("{FAE04EC0-301F-11D3-BF4B-00C04F79EFBC}") = "DTLib.Dtsod", "..\..\DTLib\DTLib.Dtsod\DTLib.Dtsod.csproj", "{1F6C1C6E-59A4-4C49-90ED-6D8A9F55F349}"
EndProject
Project("{FAE04EC0-301F-11D3-BF4B-00C04F79EFBC}") = "DTLib.Network", "..\..\DTLib\DTLib.Network\DTLib.Network.csproj", "{876103FA-6B0D-4322-B66D-0DFEEEFABD82}"
EndProject
Global
	GlobalSection(SolutionConfigurationPlatforms) = preSolution
		Debug|Any CPU = Debug|Any CPU
		Release|Any CPU = Release|Any CPU
	EndGlobalSection
	GlobalSection(ProjectConfigurationPlatforms) = postSolution
		{57CDC0EF-31C9-4859-90E5-AD0B302C5EAE}.Debug|Any CPU.ActiveCfg = Debug|Any CPU
		{57CDC0EF-31C9-4859-90E5-AD0B302C5EAE}.Debug|Any CPU.Build.0 = Debug|Any CPU
		{57CDC0EF-31C9-4859-90E5-AD0B302C5EAE}.Release|Any CPU.ActiveCfg = Release|Any CPU
		{57CDC0EF-31C9-4859-90E5-AD0B302C5EAE}.Release|Any CPU.Build.0 = Release|Any CPU
		{1F6C1C6E-59A4-4C49-90ED-6D8A9F55F349}.Debug|Any CPU.ActiveCfg = Debug|Any CPU
		{1F6C1C6E-59A4-4C49-90ED-6D8A9F55F349}.Debug|Any CPU.Build.0 = Debug|Any CPU
		{1F6C1C6E-59A4-4C49-90ED-6D8A9F55F349}.Release|Any CPU.ActiveCfg = Release|Any CPU
		{1F6C1C6E-59A4-4C49-90ED-6D8A9F55F349}.Release|Any CPU.Build.0 = Release|Any CPU
		{876103FA-6B0D-4322-B66D-0DFEEEFABD82}.Debug|Any CPU.ActiveCfg = Debug|Any CPU
		{876103FA-6B0D-4322-B66D-0DFEEEFABD82}.Debug|Any CPU.Build.0 = Debug|Any CPU
		{876103FA-6B0D-4322-B66D-0DFEEEFABD82}.Release|Any CPU.ActiveCfg = Release|Any CPU
		{876103FA-6B0D-4322-B66D-0DFEEEFABD82}.Release|Any CPU.Build.0 = Release|Any CPU
		{49ADEFCE-DA46-4229-997C-3D43DD600627}.Debug|Any CPU.ActiveCfg = Debug|Any CPU
		{49ADEFCE-DA46-4229-997C-3D43DD600627}.Debug|Any CPU.Build.0 = Debug|Any CPU
		{49ADEFCE-DA46-4229-997C-3D43DD600627}.Release|Any CPU.ActiveCfg = Release|Any CPU
		{49ADEFCE-DA46-4229-997C-3D43DD600627}.Release|Any CPU.Build.0 = Release|Any CPU
		{1DC6892C-5DC8-4C1C-94C1-CE695BD2DBC2}.Debug|Any CPU.ActiveCfg = Debug|Any CPU
		{1DC6892C-5DC8-4C1C-94C1-CE695BD2DBC2}.Debug|Any CPU.Build.0 = Debug|Any CPU
		{1DC6892C-5DC8-4C1C-94C1-CE695BD2DBC2}.Release|Any CPU.ActiveCfg = Release|Any CPU
		{1DC6892C-5DC8-4C1C-94C1-CE695BD2DBC2}.Release|Any CPU.Build.0 = Release|Any CPU
	EndGlobalSection
	GlobalSection(SolutionProperties) = preSolution
		HideSolutionNode = FALSE
	EndGlobalSection
	GlobalSection(ExtensibilityGlobals) = postSolution
		SolutionGuid = {5D358070-7ABE-4BD6-9A87-6A5BE8CB6BC9}
	EndGlobalSection
EndGlobal
