
Microsoft Visual Studio Solution File, Format Version 12.00
# Visual Studio Version 16
VisualStudioVersion = 16.0.30611.23
MinimumVisualStudioVersion = 10.0.40219.1
Project("{FAE04EC0-301F-11D3-BF4B-00C04F79EFBC}") = "dtscript", "dtscript.csproj", "{E02EA967-FD29-47D2-B25B-BA684B784AEE}"
EndProject
Project("{FAE04EC0-301F-11D3-BF4B-00C04F79EFBC}") = "DTLib", "..\DTLib\DTLib.csproj", "{CE793497-2D5C-42D8-B311-E9B32AF9CDFB}"
EndProject
Global
	GlobalSection(SolutionConfigurationPlatforms) = preSolution
		build|Any CPU = build|Any CPU
	EndGlobalSection
	GlobalSection(ProjectConfigurationPlatforms) = postSolution
		{E02EA967-FD29-47D2-B25B-BA684B784AEE}.build|Any CPU.ActiveCfg = build|Any CPU
		{E02EA967-FD29-47D2-B25B-BA684B784AEE}.build|Any CPU.Build.0 = build|Any CPU
		{CE793497-2D5C-42D8-B311-E9B32AF9CDFB}.build|Any CPU.ActiveCfg = Build|Any CPU
		{CE793497-2D5C-42D8-B311-E9B32AF9CDFB}.build|Any CPU.Build.0 = Build|Any CPU
	EndGlobalSection
	GlobalSection(SolutionProperties) = preSolution
		HideSolutionNode = FALSE
	EndGlobalSection
	GlobalSection(ExtensibilityGlobals) = postSolution
		SolutionGuid = {A1D642E1-876E-4187-91D5-526827AE36A2}
	EndGlobalSection
EndGlobal
